
Microsoft Visual Studio Solution File, Format Version 12.00
# Visual Studio Version 17
VisualStudioVersion = 17.1.32421.90
MinimumVisualStudioVersion = 10.0.40219.1
Project("{FAE04EC0-301F-11D3-BF4B-00C04F79EFBC}") = "RestShart_GitHub_Demo", "RestShart_GitHub_Demo\RestShart_GitHub_Demo.csproj", "{6A0F7A84-373D-4CE2-BC75-CDB6677AB819}"
EndProject
Global
	GlobalSection(SolutionConfigurationPlatforms) = preSolution
		Debug|Any CPU = Debug|Any CPU
		Release|Any CPU = Release|Any CPU
	EndGlobalSection
	GlobalSection(ProjectConfigurationPlatforms) = postSolution
		{6A0F7A84-373D-4CE2-BC75-CDB6677AB819}.Debug|Any CPU.ActiveCfg = Debug|Any CPU
		{6A0F7A84-373D-4CE2-BC75-CDB6677AB819}.Debug|Any CPU.Build.0 = Debug|Any CPU
		{6A0F7A84-373D-4CE2-BC75-CDB6677AB819}.Release|Any CPU.ActiveCfg = Release|Any CPU
		{6A0F7A84-373D-4CE2-BC75-CDB6677AB819}.Release|Any CPU.Build.0 = Release|Any CPU
	EndGlobalSection
	GlobalSection(SolutionProperties) = preSolution
		HideSolutionNode = FALSE
	EndGlobalSection
	GlobalSection(ExtensibilityGlobals) = postSolution
		SolutionGuid = {5E46087B-34C3-408C-BA70-6870C2F03A22}
	EndGlobalSection
EndGlobal
